// !$*UTF8*$!
{
	archiveVersion = 1;
	classes = {
	};
	objectVersion = 46;
	objects = {

/* Begin PBXBuildFile section */
		6A1A0A551917336700E7D03F /* Foundation.framework in Frameworks */ = {isa = PBXBuildFile; fileRef = 6A1A0A541917336700E7D03F /* Foundation.framework */; };
		6A1A0A571917336700E7D03F /* CoreGraphics.framework in Frameworks */ = {isa = PBXBuildFile; fileRef = 6A1A0A561917336700E7D03F /* CoreGraphics.framework */; };
		6A1A0A591917336700E7D03F /* UIKit.framework in Frameworks */ = {isa = PBXBuildFile; fileRef = 6A1A0A581917336700E7D03F /* UIKit.framework */; };
		6A1A0A5F1917336700E7D03F /* InfoPlist.strings in Resources */ = {isa = PBXBuildFile; fileRef = 6A1A0A5D1917336700E7D03F /* InfoPlist.strings */; };
		6A1A0A611917336700E7D03F /* main.m in Sources */ = {isa = PBXBuildFile; fileRef = 6A1A0A601917336700E7D03F /* main.m */; };
		6A1A0A651917336700E7D03F /* HBAppDelegate.m in Sources */ = {isa = PBXBuildFile; fileRef = 6A1A0A641917336700E7D03F /* HBAppDelegate.m */; };
		6A1A0A671917336700E7D03F /* Images.xcassets in Resources */ = {isa = PBXBuildFile; fileRef = 6A1A0A661917336700E7D03F /* Images.xcassets */; };
		6A1A0A6E1917336700E7D03F /* XCTest.framework in Frameworks */ = {isa = PBXBuildFile; fileRef = 6A1A0A6D1917336700E7D03F /* XCTest.framework */; };
		6A1A0A6F1917336700E7D03F /* Foundation.framework in Frameworks */ = {isa = PBXBuildFile; fileRef = 6A1A0A541917336700E7D03F /* Foundation.framework */; };
		6A1A0A701917336700E7D03F /* UIKit.framework in Frameworks */ = {isa = PBXBuildFile; fileRef = 6A1A0A581917336700E7D03F /* UIKit.framework */; };
		6A1A0A781917336700E7D03F /* InfoPlist.strings in Resources */ = {isa = PBXBuildFile; fileRef = 6A1A0A761917336700E7D03F /* InfoPlist.strings */; };
		6A1A0A7A1917336700E7D03F /* HBShareTests.m in Sources */ = {isa = PBXBuildFile; fileRef = 6A1A0A791917336700E7D03F /* HBShareTests.m */; };
		6A1A0A87191733AC00E7D03F /* libWeChatSDK.a in Frameworks */ = {isa = PBXBuildFile; fileRef = 6A1A0A84191733AC00E7D03F /* libWeChatSDK.a */; };
		6A1A0A8D191733E800E7D03F /* HBShare.m in Sources */ = {isa = PBXBuildFile; fileRef = 6A1A0A8C191733E800E7D03F /* HBShare.m */; };
		6A1A0A901917345800E7D03F /* NSData+Base64Encode.m in Sources */ = {isa = PBXBuildFile; fileRef = 6A1A0A8F1917345800E7D03F /* NSData+Base64Encode.m */; };
		6A1A0A931917358400E7D03F /* UIImage+ResizeCrop.m in Sources */ = {isa = PBXBuildFile; fileRef = 6A1A0A921917358400E7D03F /* UIImage+ResizeCrop.m */; };
		6A1A0A961917360E00E7D03F /* UIViewController+TopViewController.m in Sources */ = {isa = PBXBuildFile; fileRef = 6A1A0A951917360E00E7D03F /* UIViewController+TopViewController.m */; };
		6A1A0A9A19173A7F00E7D03F /* demo@2x.png in Resources */ = {isa = PBXBuildFile; fileRef = 6A1A0A9919173A7F00E7D03F /* demo@2x.png */; };
/* End PBXBuildFile section */

/* Begin PBXContainerItemProxy section */
		6A1A0A711917336700E7D03F /* PBXContainerItemProxy */ = {
			isa = PBXContainerItemProxy;
			containerPortal = 6A1A0A491917336600E7D03F /* Project object */;
			proxyType = 1;
			remoteGlobalIDString = 6A1A0A501917336600E7D03F;
			remoteInfo = HBShare;
		};
/* End PBXContainerItemProxy section */

/* Begin PBXFileReference section */
		6A1A0A511917336700E7D03F /* HBShare.app */ = {isa = PBXFileReference; explicitFileType = wrapper.application; includeInIndex = 0; path = HBShare.app; sourceTree = BUILT_PRODUCTS_DIR; };
		6A1A0A541917336700E7D03F /* Foundation.framework */ = {isa = PBXFileReference; lastKnownFileType = wrapper.framework; name = Foundation.framework; path = System/Library/Frameworks/Foundation.framework; sourceTree = SDKROOT; };
		6A1A0A561917336700E7D03F /* CoreGraphics.framework */ = {isa = PBXFileReference; lastKnownFileType = wrapper.framework; name = CoreGraphics.framework; path = System/Library/Frameworks/CoreGraphics.framework; sourceTree = SDKROOT; };
		6A1A0A581917336700E7D03F /* UIKit.framework */ = {isa = PBXFileReference; lastKnownFileType = wrapper.framework; name = UIKit.framework; path = System/Library/Frameworks/UIKit.framework; sourceTree = SDKROOT; };
		6A1A0A5C1917336700E7D03F /* HBShare-Info.plist */ = {isa = PBXFileReference; lastKnownFileType = text.plist.xml; path = "HBShare-Info.plist"; sourceTree = "<group>"; };
		6A1A0A5E1917336700E7D03F /* en */ = {isa = PBXFileReference; lastKnownFileType = text.plist.strings; name = en; path = en.lproj/InfoPlist.strings; sourceTree = "<group>"; };
		6A1A0A601917336700E7D03F /* main.m */ = {isa = PBXFileReference; lastKnownFileType = sourcecode.c.objc; path = main.m; sourceTree = "<group>"; };
		6A1A0A621917336700E7D03F /* HBShare-Prefix.pch */ = {isa = PBXFileReference; lastKnownFileType = sourcecode.c.h; path = "HBShare-Prefix.pch"; sourceTree = "<group>"; };
		6A1A0A631917336700E7D03F /* HBAppDelegate.h */ = {isa = PBXFileReference; lastKnownFileType = sourcecode.c.h; path = HBAppDelegate.h; sourceTree = "<group>"; };
		6A1A0A641917336700E7D03F /* HBAppDelegate.m */ = {isa = PBXFileReference; lastKnownFileType = sourcecode.c.objc; path = HBAppDelegate.m; sourceTree = "<group>"; };
		6A1A0A661917336700E7D03F /* Images.xcassets */ = {isa = PBXFileReference; lastKnownFileType = folder.assetcatalog; path = Images.xcassets; sourceTree = "<group>"; };
		6A1A0A6C1917336700E7D03F /* HBShareTests.xctest */ = {isa = PBXFileReference; explicitFileType = wrapper.cfbundle; includeInIndex = 0; path = HBShareTests.xctest; sourceTree = BUILT_PRODUCTS_DIR; };
		6A1A0A6D1917336700E7D03F /* XCTest.framework */ = {isa = PBXFileReference; lastKnownFileType = wrapper.framework; name = XCTest.framework; path = Library/Frameworks/XCTest.framework; sourceTree = DEVELOPER_DIR; };
		6A1A0A751917336700E7D03F /* HBShareTests-Info.plist */ = {isa = PBXFileReference; lastKnownFileType = text.plist.xml; path = "HBShareTests-Info.plist"; sourceTree = "<group>"; };
		6A1A0A771917336700E7D03F /* en */ = {isa = PBXFileReference; lastKnownFileType = text.plist.strings; name = en; path = en.lproj/InfoPlist.strings; sourceTree = "<group>"; };
		6A1A0A791917336700E7D03F /* HBShareTests.m */ = {isa = PBXFileReference; lastKnownFileType = sourcecode.c.objc; path = HBShareTests.m; sourceTree = "<group>"; };
		6A1A0A84191733AC00E7D03F /* libWeChatSDK.a */ = {isa = PBXFileReference; lastKnownFileType = archive.ar; path = libWeChatSDK.a; sourceTree = "<group>"; };
		6A1A0A85191733AC00E7D03F /* WXApi.h */ = {isa = PBXFileReference; fileEncoding = 4; lastKnownFileType = sourcecode.c.h; path = WXApi.h; sourceTree = "<group>"; };
		6A1A0A86191733AC00E7D03F /* WXApiObject.h */ = {isa = PBXFileReference; fileEncoding = 4; lastKnownFileType = sourcecode.c.h; path = WXApiObject.h; sourceTree = "<group>"; };
		6A1A0A8B191733E800E7D03F /* HBShare.h */ = {isa = PBXFileReference; fileEncoding = 4; lastKnownFileType = sourcecode.c.h; path = HBShare.h; sourceTree = "<group>"; };
		6A1A0A8C191733E800E7D03F /* HBShare.m */ = {isa = PBXFileReference; fileEncoding = 4; lastKnownFileType = sourcecode.c.objc; path = HBShare.m; sourceTree = "<group>"; };
		6A1A0A8E1917345800E7D03F /* NSData+Base64Encode.h */ = {isa = PBXFileReference; fileEncoding = 4; lastKnownFileType = sourcecode.c.h; path = "NSData+Base64Encode.h"; sourceTree = "<group>"; };
		6A1A0A8F1917345800E7D03F /* NSData+Base64Encode.m */ = {isa = PBXFileReference; fileEncoding = 4; lastKnownFileType = sourcecode.c.objc; path = "NSData+Base64Encode.m"; sourceTree = "<group>"; };
		6A1A0A911917358400E7D03F /* UIImage+ResizeCrop.h */ = {isa = PBXFileReference; fileEncoding = 4; lastKnownFileType = sourcecode.c.h; path = "UIImage+ResizeCrop.h"; sourceTree = "<group>"; };
		6A1A0A921917358400E7D03F /* UIImage+ResizeCrop.m */ = {isa = PBXFileReference; fileEncoding = 4; lastKnownFileType = sourcecode.c.objc; path = "UIImage+ResizeCrop.m"; sourceTree = "<group>"; };
		6A1A0A941917360E00E7D03F /* UIViewController+TopViewController.h */ = {isa = PBXFileReference; fileEncoding = 4; lastKnownFileType = sourcecode.c.h; path = "UIViewController+TopViewController.h"; sourceTree = "<group>"; };
		6A1A0A951917360E00E7D03F /* UIViewController+TopViewController.m */ = {isa = PBXFileReference; fileEncoding = 4; lastKnownFileType = sourcecode.c.objc; path = "UIViewController+TopViewController.m"; sourceTree = "<group>"; };
		6A1A0A9919173A7F00E7D03F /* demo@2x.png */ = {isa = PBXFileReference; lastKnownFileType = image.png; path = "demo@2x.png"; sourceTree = "<group>"; };
/* End PBXFileReference section */

/* Begin PBXFrameworksBuildPhase section */
		6A1A0A4E1917336600E7D03F /* Frameworks */ = {
			isa = PBXFrameworksBuildPhase;
			buildActionMask = 2147483647;
			files = (
				6A1A0A571917336700E7D03F /* CoreGraphics.framework in Frameworks */,
				6A1A0A591917336700E7D03F /* UIKit.framework in Frameworks */,
				6A1A0A87191733AC00E7D03F /* libWeChatSDK.a in Frameworks */,
				6A1A0A551917336700E7D03F /* Foundation.framework in Frameworks */,
			);
			runOnlyForDeploymentPostprocessing = 0;
		};
		6A1A0A691917336700E7D03F /* Frameworks */ = {
			isa = PBXFrameworksBuildPhase;
			buildActionMask = 2147483647;
			files = (
				6A1A0A6E1917336700E7D03F /* XCTest.framework in Frameworks */,
				6A1A0A701917336700E7D03F /* UIKit.framework in Frameworks */,
				6A1A0A6F1917336700E7D03F /* Foundation.framework in Frameworks */,
			);
			runOnlyForDeploymentPostprocessing = 0;
		};
/* End PBXFrameworksBuildPhase section */

/* Begin PBXGroup section */
		6A1A0A481917336600E7D03F = {
			isa = PBXGroup;
			children = (
				6A1A0A5A1917336700E7D03F /* HBShare */,
				6A1A0A731917336700E7D03F /* HBShareTests */,
				6A1A0A531917336700E7D03F /* Frameworks */,
				6A1A0A521917336700E7D03F /* Products */,
			);
			sourceTree = "<group>";
		};
		6A1A0A521917336700E7D03F /* Products */ = {
			isa = PBXGroup;
			children = (
				6A1A0A511917336700E7D03F /* HBShare.app */,
				6A1A0A6C1917336700E7D03F /* HBShareTests.xctest */,
			);
			name = Products;
			sourceTree = "<group>";
		};
		6A1A0A531917336700E7D03F /* Frameworks */ = {
			isa = PBXGroup;
			children = (
				6A1A0A541917336700E7D03F /* Foundation.framework */,
				6A1A0A561917336700E7D03F /* CoreGraphics.framework */,
				6A1A0A581917336700E7D03F /* UIKit.framework */,
				6A1A0A6D1917336700E7D03F /* XCTest.framework */,
			);
			name = Frameworks;
			sourceTree = "<group>";
		};
		6A1A0A5A1917336700E7D03F /* HBShare */ = {
			isa = PBXGroup;
			children = (
				6A1A0A8A191733D600E7D03F /* Classes */,
				6A1A0A831917338200E7D03F /* Vendors */,
				6A1A0A631917336700E7D03F /* HBAppDelegate.h */,
				6A1A0A641917336700E7D03F /* HBAppDelegate.m */,
				6A1A0A9919173A7F00E7D03F /* demo@2x.png */,
				6A1A0A661917336700E7D03F /* Images.xcassets */,
				6A1A0A5B1917336700E7D03F /* Supporting Files */,
			);
			path = HBShare;
			sourceTree = "<group>";
		};
		6A1A0A5B1917336700E7D03F /* Supporting Files */ = {
			isa = PBXGroup;
			children = (
				6A1A0A5C1917336700E7D03F /* HBShare-Info.plist */,
				6A1A0A5D1917336700E7D03F /* InfoPlist.strings */,
				6A1A0A601917336700E7D03F /* main.m */,
				6A1A0A621917336700E7D03F /* HBShare-Prefix.pch */,
			);
			name = "Supporting Files";
			sourceTree = "<group>";
		};
		6A1A0A731917336700E7D03F /* HBShareTests */ = {
			isa = PBXGroup;
			children = (
				6A1A0A791917336700E7D03F /* HBShareTests.m */,
				6A1A0A741917336700E7D03F /* Supporting Files */,
			);
			path = HBShareTests;
			sourceTree = "<group>";
		};
		6A1A0A741917336700E7D03F /* Supporting Files */ = {
			isa = PBXGroup;
			children = (
				6A1A0A751917336700E7D03F /* HBShareTests-Info.plist */,
				6A1A0A761917336700E7D03F /* InfoPlist.strings */,
			);
			name = "Supporting Files";
			sourceTree = "<group>";
		};
		6A1A0A831917338200E7D03F /* Vendors */ = {
			isa = PBXGroup;
			children = (
				6A1A0A88191733AE00E7D03F /* WeChat */,
			);
			path = Vendors;
			sourceTree = "<group>";
		};
		6A1A0A88191733AE00E7D03F /* WeChat */ = {
			isa = PBXGroup;
			children = (
				6A1A0A84191733AC00E7D03F /* libWeChatSDK.a */,
				6A1A0A85191733AC00E7D03F /* WXApi.h */,
				6A1A0A86191733AC00E7D03F /* WXApiObject.h */,
			);
			name = WeChat;
			sourceTree = "<group>";
		};
		6A1A0A8A191733D600E7D03F /* Classes */ = {
			isa = PBXGroup;
			children = (
				6A1A0A941917360E00E7D03F /* UIViewController+TopViewController.h */,
				6A1A0A951917360E00E7D03F /* UIViewController+TopViewController.m */,
				6A1A0A911917358400E7D03F /* UIImage+ResizeCrop.h */,
				6A1A0A921917358400E7D03F /* UIImage+ResizeCrop.m */,
				6A1A0A8E1917345800E7D03F /* NSData+Base64Encode.h */,
				6A1A0A8F1917345800E7D03F /* NSData+Base64Encode.m */,
				6A1A0A8B191733E800E7D03F /* HBShare.h */,
				6A1A0A8C191733E800E7D03F /* HBShare.m */,
			);
			path = Classes;
			sourceTree = "<group>";
		};
/* End PBXGroup section */

/* Begin PBXNativeTarget section */
		6A1A0A501917336600E7D03F /* HBShare */ = {
			isa = PBXNativeTarget;
			buildConfigurationList = 6A1A0A7D1917336700E7D03F /* Build configuration list for PBXNativeTarget "HBShare" */;
			buildPhases = (
				6A1A0A4D1917336600E7D03F /* Sources */,
				6A1A0A4E1917336600E7D03F /* Frameworks */,
				6A1A0A4F1917336600E7D03F /* Resources */,
			);
			buildRules = (
			);
			dependencies = (
			);
			name = HBShare;
			productName = HBShare;
			productReference = 6A1A0A511917336700E7D03F /* HBShare.app */;
			productType = "com.apple.product-type.application";
		};
		6A1A0A6B1917336700E7D03F /* HBShareTests */ = {
			isa = PBXNativeTarget;
			buildConfigurationList = 6A1A0A801917336700E7D03F /* Build configuration list for PBXNativeTarget "HBShareTests" */;
			buildPhases = (
				6A1A0A681917336700E7D03F /* Sources */,
				6A1A0A691917336700E7D03F /* Frameworks */,
				6A1A0A6A1917336700E7D03F /* Resources */,
			);
			buildRules = (
			);
			dependencies = (
				6A1A0A721917336700E7D03F /* PBXTargetDependency */,
			);
			name = HBShareTests;
			productName = HBShareTests;
			productReference = 6A1A0A6C1917336700E7D03F /* HBShareTests.xctest */;
			productType = "com.apple.product-type.bundle.unit-test";
		};
/* End PBXNativeTarget section */

/* Begin PBXProject section */
		6A1A0A491917336600E7D03F /* Project object */ = {
			isa = PBXProject;
			attributes = {
				CLASSPREFIX = HB;
				LastUpgradeCheck = 0510;
				ORGANIZATIONNAME = Huaban;
				TargetAttributes = {
					6A1A0A6B1917336700E7D03F = {
						TestTargetID = 6A1A0A501917336600E7D03F;
					};
				};
			};
			buildConfigurationList = 6A1A0A4C1917336600E7D03F /* Build configuration list for PBXProject "HBShare" */;
			compatibilityVersion = "Xcode 3.2";
			developmentRegion = English;
			hasScannedForEncodings = 0;
			knownRegions = (
				en,
			);
			mainGroup = 6A1A0A481917336600E7D03F;
			productRefGroup = 6A1A0A521917336700E7D03F /* Products */;
			projectDirPath = "";
			projectRoot = "";
			targets = (
				6A1A0A501917336600E7D03F /* HBShare */,
				6A1A0A6B1917336700E7D03F /* HBShareTests */,
			);
		};
/* End PBXProject section */

/* Begin PBXResourcesBuildPhase section */
		6A1A0A4F1917336600E7D03F /* Resources */ = {
			isa = PBXResourcesBuildPhase;
			buildActionMask = 2147483647;
			files = (
				6A1A0A5F1917336700E7D03F /* InfoPlist.strings in Resources */,
				6A1A0A9A19173A7F00E7D03F /* demo@2x.png in Resources */,
				6A1A0A671917336700E7D03F /* Images.xcassets in Resources */,
			);
			runOnlyForDeploymentPostprocessing = 0;
		};
		6A1A0A6A1917336700E7D03F /* Resources */ = {
			isa = PBXResourcesBuildPhase;
			buildActionMask = 2147483647;
			files = (
				6A1A0A781917336700E7D03F /* InfoPlist.strings in Resources */,
			);
			runOnlyForDeploymentPostprocessing = 0;
		};
/* End PBXResourcesBuildPhase section */

/* Begin PBXSourcesBuildPhase section */
		6A1A0A4D1917336600E7D03F /* Sources */ = {
			isa = PBXSourcesBuildPhase;
			buildActionMask = 2147483647;
			files = (
				6A1A0A651917336700E7D03F /* HBAppDelegate.m in Sources */,
				6A1A0A901917345800E7D03F /* NSData+Base64Encode.m in Sources */,
				6A1A0A8D191733E800E7D03F /* HBShare.m in Sources */,
				6A1A0A931917358400E7D03F /* UIImage+ResizeCrop.m in Sources */,
				6A1A0A611917336700E7D03F /* main.m in Sources */,
				6A1A0A961917360E00E7D03F /* UIViewController+TopViewController.m in Sources */,
			);
			runOnlyForDeploymentPostprocessing = 0;
		};
		6A1A0A681917336700E7D03F /* Sources */ = {
			isa = PBXSourcesBuildPhase;
			buildActionMask = 2147483647;
			files = (
				6A1A0A7A1917336700E7D03F /* HBShareTests.m in Sources */,
			);
			runOnlyForDeploymentPostprocessing = 0;
		};
/* End PBXSourcesBuildPhase section */

/* Begin PBXTargetDependency section */
		6A1A0A721917336700E7D03F /* PBXTargetDependency */ = {
			isa = PBXTargetDependency;
			target = 6A1A0A501917336600E7D03F /* HBShare */;
			targetProxy = 6A1A0A711917336700E7D03F /* PBXContainerItemProxy */;
		};
/* End PBXTargetDependency section */

/* Begin PBXVariantGroup section */
		6A1A0A5D1917336700E7D03F /* InfoPlist.strings */ = {
			isa = PBXVariantGroup;
			children = (
				6A1A0A5E1917336700E7D03F /* en */,
			);
			name = InfoPlist.strings;
			sourceTree = "<group>";
		};
		6A1A0A761917336700E7D03F /* InfoPlist.strings */ = {
			isa = PBXVariantGroup;
			children = (
				6A1A0A771917336700E7D03F /* en */,
			);
			name = InfoPlist.strings;
			sourceTree = "<group>";
		};
/* End PBXVariantGroup section */

/* Begin XCBuildConfiguration section */
		6A1A0A7B1917336700E7D03F /* Debug */ = {
			isa = XCBuildConfiguration;
			buildSettings = {
				ALWAYS_SEARCH_USER_PATHS = NO;
				CLANG_CXX_LANGUAGE_STANDARD = "gnu++0x";
				CLANG_CXX_LIBRARY = "libc++";
				CLANG_ENABLE_MODULES = YES;
				CLANG_ENABLE_OBJC_ARC = YES;
				CLANG_WARN_BOOL_CONVERSION = YES;
				CLANG_WARN_CONSTANT_CONVERSION = YES;
				CLANG_WARN_DIRECT_OBJC_ISA_USAGE = YES_ERROR;
				CLANG_WARN_EMPTY_BODY = YES;
				CLANG_WARN_ENUM_CONVERSION = YES;
				CLANG_WARN_INT_CONVERSION = YES;
				CLANG_WARN_OBJC_ROOT_CLASS = YES_ERROR;
				CLANG_WARN__DUPLICATE_METHOD_MATCH = YES;
				"CODE_SIGN_IDENTITY[sdk=iphoneos*]" = "iPhone Developer";
				COPY_PHASE_STRIP = NO;
				GCC_C_LANGUAGE_STANDARD = gnu99;
				GCC_DYNAMIC_NO_PIC = NO;
				GCC_OPTIMIZATION_LEVEL = 0;
				GCC_PREPROCESSOR_DEFINITIONS = (
					"DEBUG=1",
					"$(inherited)",
				);
				GCC_SYMBOLS_PRIVATE_EXTERN = NO;
				GCC_WARN_64_TO_32_BIT_CONVERSION = YES;
				GCC_WARN_ABOUT_RETURN_TYPE = YES_ERROR;
				GCC_WARN_UNDECLARED_SELECTOR = YES;
				GCC_WARN_UNINITIALIZED_AUTOS = YES_AGGRESSIVE;
				GCC_WARN_UNUSED_FUNCTION = YES;
				GCC_WARN_UNUSED_VARIABLE = YES;
				IPHONEOS_DEPLOYMENT_TARGET = 6.0;
				ONLY_ACTIVE_ARCH = YES;
				SDKROOT = iphoneos;
			};
			name = Debug;
		};
		6A1A0A7C1917336700E7D03F /* Release */ = {
			isa = XCBuildConfiguration;
			buildSettings = {
				ALWAYS_SEARCH_USER_PATHS = NO;
				CLANG_CXX_LANGUAGE_STANDARD = "gnu++0x";
				CLANG_CXX_LIBRARY = "libc++";
				CLANG_ENABLE_MODULES = YES;
				CLANG_ENABLE_OBJC_ARC = YES;
				CLANG_WARN_BOOL_CONVERSION = YES;
				CLANG_WARN_CONSTANT_CONVERSION = YES;
				CLANG_WARN_DIRECT_OBJC_ISA_USAGE = YES_ERROR;
				CLANG_WARN_EMPTY_BODY = YES;
				CLANG_WARN_ENUM_CONVERSION = YES;
				CLANG_WARN_INT_CONVERSION = YES;
				CLANG_WARN_OBJC_ROOT_CLASS = YES_ERROR;
				CLANG_WARN__DUPLICATE_METHOD_MATCH = YES;
				"CODE_SIGN_IDENTITY[sdk=iphoneos*]" = "iPhone Developer";
				COPY_PHASE_STRIP = YES;
				ENABLE_NS_ASSERTIONS = NO;
				GCC_C_LANGUAGE_STANDARD = gnu99;
				GCC_WARN_64_TO_32_BIT_CONVERSION = YES;
				GCC_WARN_ABOUT_RETURN_TYPE = YES_ERROR;
				GCC_WARN_UNDECLARED_SELECTOR = YES;
				GCC_WARN_UNINITIALIZED_AUTOS = YES_AGGRESSIVE;
				GCC_WARN_UNUSED_FUNCTION = YES;
				GCC_WARN_UNUSED_VARIABLE = YES;
				IPHONEOS_DEPLOYMENT_TARGET = 6.0;
				SDKROOT = iphoneos;
				VALIDATE_PRODUCT = YES;
			};
			name = Release;
		};
		6A1A0A7E1917336700E7D03F /* Debug */ = {
			isa = XCBuildConfiguration;
			buildSettings = {
				ASSETCATALOG_COMPILER_APPICON_NAME = AppIcon;
				ASSETCATALOG_COMPILER_LAUNCHIMAGE_NAME = LaunchImage;
				GCC_PRECOMPILE_PREFIX_HEADER = YES;
				GCC_PREFIX_HEADER = "HBShare/HBShare-Prefix.pch";
				INFOPLIST_FILE = "HBShare/HBShare-Info.plist";
				IPHONEOS_DEPLOYMENT_TARGET = 6.0;
				LIBRARY_SEARCH_PATHS = (
					"$(inherited)",
					"$(PROJECT_DIR)/HBShare/Vendors",
				);
				PRODUCT_NAME = "$(TARGET_NAME)";
				WRAPPER_EXTENSION = app;
			};
			name = Debug;
		};
		6A1A0A7F1917336700E7D03F /* Release */ = {
			isa = XCBuildConfiguration;
			buildSettings = {
				ASSETCATALOG_COMPILER_APPICON_NAME = AppIcon;
				ASSETCATALOG_COMPILER_LAUNCHIMAGE_NAME = LaunchImage;
				GCC_PRECOMPILE_PREFIX_HEADER = YES;
				GCC_PREFIX_HEADER = "HBShare/HBShare-Prefix.pch";
				INFOPLIST_FILE = "HBShare/HBShare-Info.plist";
				IPHONEOS_DEPLOYMENT_TARGET = 6.0;
				LIBRARY_SEARCH_PATHS = (
					"$(inherited)",
					"$(PROJECT_DIR)/HBShare/Vendors",
				);
				PRODUCT_NAME = "$(TARGET_NAME)";
				WRAPPER_EXTENSION = app;
			};
			name = Release;
		};
		6A1A0A811917336700E7D03F /* Debug */ = {
			isa = XCBuildConfiguration;
			buildSettings = {
				BUNDLE_LOADER = "$(BUILT_PRODUCTS_DIR)/HBShare.app/HBShare";
				FRAMEWORK_SEARCH_PATHS = (
					"$(SDKROOT)/Developer/Library/Frameworks",
					"$(inherited)",
					"$(DEVELOPER_FRAMEWORKS_DIR)",
				);
				GCC_PRECOMPILE_PREFIX_HEADER = YES;
				GCC_PREFIX_HEADER = "HBShare/HBShare-Prefix.pch";
				GCC_PREPROCESSOR_DEFINITIONS = (
					"DEBUG=1",
					"$(inherited)",
				);
				INFOPLIST_FILE = "HBShareTests/HBShareTests-Info.plist";
				PRODUCT_NAME = "$(TARGET_NAME)";
				TEST_HOST = "$(BUNDLE_LOADER)";
				WRAPPER_EXTENSION = xctest;
			};
			name = Debug;
		};
		6A1A0A821917336700E7D03F /* Release */ = {
			isa = XCBuildConfiguration;
			buildSettings = {
				BUNDLE_LOADER = "$(BUILT_PRODUCTS_DIR)/HBShare.app/HBShare";
				FRAMEWORK_SEARCH_PATHS = (
					"$(SDKROOT)/Developer/Library/Frameworks",
					"$(inherited)",
					"$(DEVELOPER_FRAMEWORKS_DIR)",
				);
				GCC_PRECOMPILE_PREFIX_HEADER = YES;
				GCC_PREFIX_HEADER = "HBShare/HBShare-Prefix.pch";
				INFOPLIST_FILE = "HBShareTests/HBShareTests-Info.plist";
				PRODUCT_NAME = "$(TARGET_NAME)";
				TEST_HOST = "$(BUNDLE_LOADER)";
				WRAPPER_EXTENSION = xctest;
			};
			name = Release;
		};
/* End XCBuildConfiguration section */

/* Begin XCConfigurationList section */
		6A1A0A4C1917336600E7D03F /* Build configuration list for PBXProject "HBShare" */ = {
			isa = XCConfigurationList;
			buildConfigurations = (
				6A1A0A7B1917336700E7D03F /* Debug */,
				6A1A0A7C1917336700E7D03F /* Release */,
			);
			defaultConfigurationIsVisible = 0;
			defaultConfigurationName = Release;
		};
		6A1A0A7D1917336700E7D03F /* Build configuration list for PBXNativeTarget "HBShare" */ = {
			isa = XCConfigurationList;
			buildConfigurations = (
				6A1A0A7E1917336700E7D03F /* Debug */,
				6A1A0A7F1917336700E7D03F /* Release */,
			);
			defaultConfigurationIsVisible = 0;
			defaultConfigurationName = Release;
		};
		6A1A0A801917336700E7D03F /* Build configuration list for PBXNativeTarget "HBShareTests" */ = {
			isa = XCConfigurationList;
			buildConfigurations = (
				6A1A0A811917336700E7D03F /* Debug */,
				6A1A0A821917336700E7D03F /* Release */,
			);
			defaultConfigurationIsVisible = 0;
			defaultConfigurationName = Release;
		};
/* End XCConfigurationList section */
	};
	rootObject = 6A1A0A491917336600E7D03F /* Project object */;
}
